# This file is automatically @generated by Poetry 1.8.2 and should not be changed by hand.

[[package]]
name = "asyncflows"
version = "0.1.10"
description = "Config-Driven Asynchronous AI Pipelines"
optional = false
python-versions = "*"
files = []
develop = true

[package.source]
type = "directory"
url = "../asyncflows"

[metadata]
lock-version = "2.0"
python-versions = ">=3.10,<3.12"
content-hash = "9fd0371e2a0105923b825904ac0903d1d2be5329f1d86a8f86a1af117f982ee4"
